// !$*UTF8*$!
{
	archiveVersion = 1;
	classes = {
	};
	objectVersion = 46;
	objects = {

/* Begin PBXBuildFile section */
		F3034ABE1FC2DE960081464A /* AppDelegate.swift in Sources */ = {isa = PBXBuildFile; fileRef = F3034ABD1FC2DE960081464A /* AppDelegate.swift */; };
		F3034AC01FC2DE960081464A /* FaceVC.swift in Sources */ = {isa = PBXBuildFile; fileRef = F3034ABF1FC2DE960081464A /* FaceVC.swift */; };
		F3034AC31FC2DE960081464A /* Main.storyboard in Resources */ = {isa = PBXBuildFile; fileRef = F3034AC11FC2DE960081464A /* Main.storyboard */; };
		F3034AC51FC2DE960081464A /* Assets.xcassets in Resources */ = {isa = PBXBuildFile; fileRef = F3034AC41FC2DE960081464A /* Assets.xcassets */; };
		F3034AC81FC2DE960081464A /* LaunchScreen.storyboard in Resources */ = {isa = PBXBuildFile; fileRef = F3034AC61FC2DE960081464A /* LaunchScreen.storyboard */; };
		F3034AD31FC2DFE10081464A /* FaceView.swift in Sources */ = {isa = PBXBuildFile; fileRef = F3034AD21FC2DFE10081464A /* FaceView.swift */; };
		F3034AD51FC57A250081464A /* FacialExpression.swift in Sources */ = {isa = PBXBuildFile; fileRef = F3034AD41FC57A250081464A /* FacialExpression.swift */; };
		F3034AD81FCBD03A0081464A /* EmotionsVC.swift in Sources */ = {isa = PBXBuildFile; fileRef = F3034AD71FCBD03A0081464A /* EmotionsVC.swift */; };
		F3EAD436201593C700C7692B /* BlinkingFVC.swift in Sources */ = {isa = PBXBuildFile; fileRef = F3EAD435201593C700C7692B /* BlinkingFVC.swift */; };
		F3EAD4382015DE8B00C7692B /* EyeView.swift in Sources */ = {isa = PBXBuildFile; fileRef = F3EAD4372015DE8B00C7692B /* EyeView.swift */; };
/* End PBXBuildFile section */

/* Begin PBXFileReference section */
		F3034ABA1FC2DE950081464A /* FaceIT.app */ = {isa = PBXFileReference; explicitFileType = wrapper.application; includeInIndex = 0; path = FaceIT.app; sourceTree = BUILT_PRODUCTS_DIR; };
		F3034ABD1FC2DE960081464A /* AppDelegate.swift */ = {isa = PBXFileReference; lastKnownFileType = sourcecode.swift; path = AppDelegate.swift; sourceTree = "<group>"; };
		F3034ABF1FC2DE960081464A /* FaceVC.swift */ = {isa = PBXFileReference; lastKnownFileType = sourcecode.swift; path = FaceVC.swift; sourceTree = "<group>"; };
		F3034AC21FC2DE960081464A /* Base */ = {isa = PBXFileReference; lastKnownFileType = file.storyboard; name = Base; path = Base.lproj/Main.storyboard; sourceTree = "<group>"; };
		F3034AC41FC2DE960081464A /* Assets.xcassets */ = {isa = PBXFileReference; lastKnownFileType = folder.assetcatalog; path = Assets.xcassets; sourceTree = "<group>"; };
		F3034AC71FC2DE960081464A /* Base */ = {isa = PBXFileReference; lastKnownFileType = file.storyboard; name = Base; path = Base.lproj/LaunchScreen.storyboard; sourceTree = "<group>"; };
		F3034AC91FC2DE960081464A /* Info.plist */ = {isa = PBXFileReference; lastKnownFileType = text.plist.xml; path = Info.plist; sourceTree = "<group>"; };
		F3034AD21FC2DFE10081464A /* FaceView.swift */ = {isa = PBXFileReference; fileEncoding = 4; lastKnownFileType = sourcecode.swift; path = FaceView.swift; sourceTree = "<group>"; };
		F3034AD41FC57A250081464A /* FacialExpression.swift */ = {isa = PBXFileReference; fileEncoding = 4; lastKnownFileType = sourcecode.swift; path = FacialExpression.swift; sourceTree = "<group>"; };
		F3034AD71FCBD03A0081464A /* EmotionsVC.swift */ = {isa = PBXFileReference; fileEncoding = 4; lastKnownFileType = sourcecode.swift; path = EmotionsVC.swift; sourceTree = "<group>"; };
		F3EAD435201593C700C7692B /* BlinkingFVC.swift */ = {isa = PBXFileReference; fileEncoding = 4; lastKnownFileType = sourcecode.swift; path = BlinkingFVC.swift; sourceTree = "<group>"; };
		F3EAD4372015DE8B00C7692B /* EyeView.swift */ = {isa = PBXFileReference; fileEncoding = 4; lastKnownFileType = sourcecode.swift; path = EyeView.swift; sourceTree = "<group>"; };
/* End PBXFileReference section */

/* Begin PBXFrameworksBuildPhase section */
		F3034AB71FC2DE950081464A /* Frameworks */ = {
			isa = PBXFrameworksBuildPhase;
			buildActionMask = 2147483647;
			files = (
			);
			runOnlyForDeploymentPostprocessing = 0;
		};
/* End PBXFrameworksBuildPhase section */

/* Begin PBXGroup section */
		F3034AB11FC2DE950081464A = {
			isa = PBXGroup;
			children = (
				F3034ABC1FC2DE950081464A /* FaceIT */,
				F3034ABB1FC2DE950081464A /* Products */,
			);
			sourceTree = "<group>";
		};
		F3034ABB1FC2DE950081464A /* Products */ = {
			isa = PBXGroup;
			children = (
				F3034ABA1FC2DE950081464A /* FaceIT.app */,
			);
			name = Products;
			sourceTree = "<group>";
		};
		F3034ABC1FC2DE950081464A /* FaceIT */ = {
			isa = PBXGroup;
			children = (
				F3034ACF1FC2DF280081464A /* Supporting Files */,
				F3034AD01FC2DF3B0081464A /* Controller */,
				F3034AD11FC2DF430081464A /* View */,
				F3034AD61FC57A2C0081464A /* Model */,
			);
			path = FaceIT;
			sourceTree = "<group>";
		};
		F3034ACF1FC2DF280081464A /* Supporting Files */ = {
			isa = PBXGroup;
			children = (
				F3034ABD1FC2DE960081464A /* AppDelegate.swift */,
				F3034AC41FC2DE960081464A /* Assets.xcassets */,
				F3034AC61FC2DE960081464A /* LaunchScreen.storyboard */,
				F3034AC91FC2DE960081464A /* Info.plist */,
			);
			name = "Supporting Files";
			sourceTree = "<group>";
		};
		F3034AD01FC2DF3B0081464A /* Controller */ = {
			isa = PBXGroup;
			children = (
				F3034ABF1FC2DE960081464A /* FaceVC.swift */,
				F3034AD71FCBD03A0081464A /* EmotionsVC.swift */,
				F3EAD435201593C700C7692B /* BlinkingFVC.swift */,
			);
			name = Controller;
			sourceTree = "<group>";
		};
		F3034AD11FC2DF430081464A /* View */ = {
			isa = PBXGroup;
			children = (
				F3034AC11FC2DE960081464A /* Main.storyboard */,
				F3034AD21FC2DFE10081464A /* FaceView.swift */,
				F3EAD4372015DE8B00C7692B /* EyeView.swift */,
			);
			name = View;
			sourceTree = "<group>";
		};
		F3034AD61FC57A2C0081464A /* Model */ = {
			isa = PBXGroup;
			children = (
				F3034AD41FC57A250081464A /* FacialExpression.swift */,
			);
			name = Model;
			sourceTree = "<group>";
		};
/* End PBXGroup section */

/* Begin PBXNativeTarget section */
		F3034AB91FC2DE950081464A /* FaceIT */ = {
			isa = PBXNativeTarget;
			buildConfigurationList = F3034ACC1FC2DE960081464A /* Build configuration list for PBXNativeTarget "FaceIT" */;
			buildPhases = (
				F3034AB61FC2DE950081464A /* Sources */,
				F3034AB71FC2DE950081464A /* Frameworks */,
				F3034AB81FC2DE950081464A /* Resources */,
			);
			buildRules = (
			);
			dependencies = (
			);
			name = FaceIT;
			productName = FaceIT;
			productReference = F3034ABA1FC2DE950081464A /* FaceIT.app */;
			productType = "com.apple.product-type.application";
		};
/* End PBXNativeTarget section */

/* Begin PBXProject section */
		F3034AB21FC2DE950081464A /* Project object */ = {
			isa = PBXProject;
			attributes = {
				LastSwiftUpdateCheck = 0810;
				LastUpgradeCheck = 0810;
				ORGANIZATIONNAME = "Ulan Assanov";
				TargetAttributes = {
					F3034AB91FC2DE950081464A = {
						CreatedOnToolsVersion = 8.1;
						DevelopmentTeam = Z7W7MKQUV7;
						ProvisioningStyle = Automatic;
					};
				};
			};
			buildConfigurationList = F3034AB51FC2DE950081464A /* Build configuration list for PBXProject "FaceIT" */;
			compatibilityVersion = "Xcode 3.2";
			developmentRegion = English;
			hasScannedForEncodings = 0;
			knownRegions = (
				en,
				Base,
			);
			mainGroup = F3034AB11FC2DE950081464A;
			productRefGroup = F3034ABB1FC2DE950081464A /* Products */;
			projectDirPath = "";
			projectRoot = "";
			targets = (
				F3034AB91FC2DE950081464A /* FaceIT */,
			);
		};
/* End PBXProject section */

/* Begin PBXResourcesBuildPhase section */
		F3034AB81FC2DE950081464A /* Resources */ = {
			isa = PBXResourcesBuildPhase;
			buildActionMask = 2147483647;
			files = (
				F3034AC81FC2DE960081464A /* LaunchScreen.storyboard in Resources */,
				F3034AC51FC2DE960081464A /* Assets.xcassets in Resources */,
				F3034AC31FC2DE960081464A /* Main.storyboard in Resources */,
			);
			runOnlyForDeploymentPostprocessing = 0;
		};
/* End PBXResourcesBuildPhase section */

/* Begin PBXSourcesBuildPhase section */
		F3034AB61FC2DE950081464A /* Sources */ = {
			isa = PBXSourcesBuildPhase;
			buildActionMask = 2147483647;
			files = (
				F3EAD4382015DE8B00C7692B /* EyeView.swift in Sources */,
				F3034AD81FCBD03A0081464A /* EmotionsVC.swift in Sources */,
				F3034AC01FC2DE960081464A /* FaceVC.swift in Sources */,
				F3034AD51FC57A250081464A /* FacialExpression.swift in Sources */,
				F3034ABE1FC2DE960081464A /* AppDelegate.swift in Sources */,
				F3034AD31FC2DFE10081464A /* FaceView.swift in Sources */,
				F3EAD436201593C700C7692B /* BlinkingFVC.swift in Sources */,
			);
			runOnlyForDeploymentPostprocessing = 0;
		};
/* End PBXSourcesBuildPhase section */

/* Begin PBXVariantGroup section */
		F3034AC11FC2DE960081464A /* Main.storyboard */ = {
			isa = PBXVariantGroup;
			children = (
				F3034AC21FC2DE960081464A /* Base */,
			);
			name = Main.storyboard;
			sourceTree = "<group>";
		};
		F3034AC61FC2DE960081464A /* LaunchScreen.storyboard */ = {
			isa = PBXVariantGroup;
			children = (
				F3034AC71FC2DE960081464A /* Base */,
			);
			name = LaunchScreen.storyboard;
			sourceTree = "<group>";
		};
/* End PBXVariantGroup section */

/* Begin XCBuildConfiguration section */
		F3034ACA1FC2DE960081464A /* Debug */ = {
			isa = XCBuildConfiguration;
			buildSettings = {
				ALWAYS_SEARCH_USER_PATHS = NO;
				CLANG_ANALYZER_NONNULL = YES;
				CLANG_CXX_LANGUAGE_STANDARD = "gnu++0x";
				CLANG_CXX_LIBRARY = "libc++";
				CLANG_ENABLE_MODULES = YES;
				CLANG_ENABLE_OBJC_ARC = YES;
				CLANG_WARN_BOOL_CONVERSION = YES;
				CLANG_WARN_CONSTANT_CONVERSION = YES;
				CLANG_WARN_DIRECT_OBJC_ISA_USAGE = YES_ERROR;
				CLANG_WARN_DOCUMENTATION_COMMENTS = YES;
				CLANG_WARN_EMPTY_BODY = YES;
				CLANG_WARN_ENUM_CONVERSION = YES;
				CLANG_WARN_INFINITE_RECURSION = YES;
				CLANG_WARN_INT_CONVERSION = YES;
				CLANG_WARN_OBJC_ROOT_CLASS = YES_ERROR;
				CLANG_WARN_SUSPICIOUS_MOVES = YES;
				CLANG_WARN_UNREACHABLE_CODE = YES;
				CLANG_WARN__DUPLICATE_METHOD_MATCH = YES;
				"CODE_SIGN_IDENTITY[sdk=iphoneos*]" = "iPhone Developer";
				COPY_PHASE_STRIP = NO;
				DEBUG_INFORMATION_FORMAT = dwarf;
				ENABLE_STRICT_OBJC_MSGSEND = YES;
				ENABLE_TESTABILITY = YES;
				GCC_C_LANGUAGE_STANDARD = gnu99;
				GCC_DYNAMIC_NO_PIC = NO;
				GCC_NO_COMMON_BLOCKS = YES;
				GCC_OPTIMIZATION_LEVEL = 0;
				GCC_PREPROCESSOR_DEFINITIONS = (
					"DEBUG=1",
					"$(inherited)",
				);
				GCC_WARN_64_TO_32_BIT_CONVERSION = YES;
				GCC_WARN_ABOUT_RETURN_TYPE = YES_ERROR;
				GCC_WARN_UNDECLARED_SELECTOR = YES;
				GCC_WARN_UNINITIALIZED_AUTOS = YES_AGGRESSIVE;
				GCC_WARN_UNUSED_FUNCTION = YES;
				GCC_WARN_UNUSED_VARIABLE = YES;
				IPHONEOS_DEPLOYMENT_TARGET = 10.1;
				MTL_ENABLE_DEBUG_INFO = YES;
				ONLY_ACTIVE_ARCH = YES;
				SDKROOT = iphoneos;
				SWIFT_ACTIVE_COMPILATION_CONDITIONS = DEBUG;
				SWIFT_OPTIMIZATION_LEVEL = "-Onone";
				TARGETED_DEVICE_FAMILY = "1,2";
			};
			name = Debug;
		};
		F3034ACB1FC2DE960081464A /* Release */ = {
			isa = XCBuildConfiguration;
			buildSettings = {
				ALWAYS_SEARCH_USER_PATHS = NO;
				CLANG_ANALYZER_NONNULL = YES;
				CLANG_CXX_LANGUAGE_STANDARD = "gnu++0x";
				CLANG_CXX_LIBRARY = "libc++";
				CLANG_ENABLE_MODULES = YES;
				CLANG_ENABLE_OBJC_ARC = YES;
				CLANG_WARN_BOOL_CONVERSION = YES;
				CLANG_WARN_CONSTANT_CONVERSION = YES;
				CLANG_WARN_DIRECT_OBJC_ISA_USAGE = YES_ERROR;
				CLANG_WARN_DOCUMENTATION_COMMENTS = YES;
				CLANG_WARN_EMPTY_BODY = YES;
				CLANG_WARN_ENUM_CONVERSION = YES;
				CLANG_WARN_INFINITE_RECURSION = YES;
				CLANG_WARN_INT_CONVERSION = YES;
				CLANG_WARN_OBJC_ROOT_CLASS = YES_ERROR;
				CLANG_WARN_SUSPICIOUS_MOVES = YES;
				CLANG_WARN_UNREACHABLE_CODE = YES;
				CLANG_WARN__DUPLICATE_METHOD_MATCH = YES;
				"CODE_SIGN_IDENTITY[sdk=iphoneos*]" = "iPhone Developer";
				COPY_PHASE_STRIP = NO;
				DEBUG_INFORMATION_FORMAT = "dwarf-with-dsym";
				ENABLE_NS_ASSERTIONS = NO;
				ENABLE_STRICT_OBJC_MSGSEND = YES;
				GCC_C_LANGUAGE_STANDARD = gnu99;
				GCC_NO_COMMON_BLOCKS = YES;
				GCC_WARN_64_TO_32_BIT_CONVERSION = YES;
				GCC_WARN_ABOUT_RETURN_TYPE = YES_ERROR;
				GCC_WARN_UNDECLARED_SELECTOR = YES;
				GCC_WARN_UNINITIALIZED_AUTOS = YES_AGGRESSIVE;
				GCC_WARN_UNUSED_FUNCTION = YES;
				GCC_WARN_UNUSED_VARIABLE = YES;
				IPHONEOS_DEPLOYMENT_TARGET = 10.1;
				MTL_ENABLE_DEBUG_INFO = NO;
				SDKROOT = iphoneos;
				SWIFT_OPTIMIZATION_LEVEL = "-Owholemodule";
				TARGETED_DEVICE_FAMILY = "1,2";
				VALIDATE_PRODUCT = YES;
			};
			name = Release;
		};
		F3034ACD1FC2DE960081464A /* Debug */ = {
			isa = XCBuildConfiguration;
			buildSettings = {
				ASSETCATALOG_COMPILER_APPICON_NAME = AppIcon;
				DEVELOPMENT_TEAM = Z7W7MKQUV7;
				INFOPLIST_FILE = FaceIT/Info.plist;
				LD_RUNPATH_SEARCH_PATHS = "$(inherited) @executable_path/Frameworks";
				PRODUCT_BUNDLE_IDENTIFIER = com.grit.demo.FaceIT;
				PRODUCT_NAME = "$(TARGET_NAME)";
				SWIFT_VERSION = 3.0;
			};
			name = Debug;
		};
		F3034ACE1FC2DE960081464A /* Release */ = {
			isa = XCBuildConfiguration;
			buildSettings = {
				ASSETCATALOG_COMPILER_APPICON_NAME = AppIcon;
				DEVELOPMENT_TEAM = Z7W7MKQUV7;
				INFOPLIST_FILE = FaceIT/Info.plist;
				LD_RUNPATH_SEARCH_PATHS = "$(inherited) @executable_path/Frameworks";
				PRODUCT_BUNDLE_IDENTIFIER = com.grit.demo.FaceIT;
				PRODUCT_NAME = "$(TARGET_NAME)";
				SWIFT_VERSION = 3.0;
			};
			name = Release;
		};
/* End XCBuildConfiguration section */

/* Begin XCConfigurationList section */
		F3034AB51FC2DE950081464A /* Build configuration list for PBXProject "FaceIT" */ = {
			isa = XCConfigurationList;
			buildConfigurations = (
				F3034ACA1FC2DE960081464A /* Debug */,
				F3034ACB1FC2DE960081464A /* Release */,
			);
			defaultConfigurationIsVisible = 0;
			defaultConfigurationName = Release;
		};
		F3034ACC1FC2DE960081464A /* Build configuration list for PBXNativeTarget "FaceIT" */ = {
			isa = XCConfigurationList;
			buildConfigurations = (
				F3034ACD1FC2DE960081464A /* Debug */,
				F3034ACE1FC2DE960081464A /* Release */,
			);
			defaultConfigurationIsVisible = 0;
			defaultConfigurationName = Release;
		};
/* End XCConfigurationList section */
	};
	rootObject = F3034AB21FC2DE950081464A /* Project object */;
}
